// !$*UTF8*$!
{
	archiveVersion = 1;
	classes = {
	};
	objectVersion = 46;
	objects = {

/* Begin PBXBuildFile section */
		102667071A212F9C00951BF4 /* AppDelegate.swift in Sources */ = {isa = PBXBuildFile; fileRef = 102667061A212F9C00951BF4 /* AppDelegate.swift */; };
		102667091A212F9C00951BF4 /* ViewController.swift in Sources */ = {isa = PBXBuildFile; fileRef = 102667081A212F9C00951BF4 /* ViewController.swift */; };
		1026670C1A212F9C00951BF4 /* Main.storyboard in Resources */ = {isa = PBXBuildFile; fileRef = 1026670A1A212F9C00951BF4 /* Main.storyboard */; };
		1026670E1A212F9C00951BF4 /* Images.xcassets in Resources */ = {isa = PBXBuildFile; fileRef = 1026670D1A212F9C00951BF4 /* Images.xcassets */; };
		102667111A212F9C00951BF4 /* LaunchScreen.xib in Resources */ = {isa = PBXBuildFile; fileRef = 1026670F1A212F9C00951BF4 /* LaunchScreen.xib */; };
		1026671D1A212F9C00951BF4 /* postCardTests.swift in Sources */ = {isa = PBXBuildFile; fileRef = 1026671C1A212F9C00951BF4 /* postCardTests.swift */; };
/* End PBXBuildFile section */

/* Begin PBXContainerItemProxy section */
		102667171A212F9C00951BF4 /* PBXContainerItemProxy */ = {
			isa = PBXContainerItemProxy;
			containerPortal = 102666F91A212F9C00951BF4 /* Project object */;
			proxyType = 1;
			remoteGlobalIDString = 102667001A212F9C00951BF4;
			remoteInfo = postCard;
		};
/* End PBXContainerItemProxy section */

/* Begin PBXFileReference section */
		102667011A212F9C00951BF4 /* postCard.app */ = {isa = PBXFileReference; explicitFileType = wrapper.application; includeInIndex = 0; path = postCard.app; sourceTree = BUILT_PRODUCTS_DIR; };
		102667051A212F9C00951BF4 /* Info.plist */ = {isa = PBXFileReference; lastKnownFileType = text.plist.xml; path = Info.plist; sourceTree = "<group>"; };
		102667061A212F9C00951BF4 /* AppDelegate.swift */ = {isa = PBXFileReference; lastKnownFileType = sourcecode.swift; path = AppDelegate.swift; sourceTree = "<group>"; };
		102667081A212F9C00951BF4 /* ViewController.swift */ = {isa = PBXFileReference; lastKnownFileType = sourcecode.swift; path = ViewController.swift; sourceTree = "<group>"; };
		1026670B1A212F9C00951BF4 /* Base */ = {isa = PBXFileReference; lastKnownFileType = file.storyboard; name = Base; path = Base.lproj/Main.storyboard; sourceTree = "<group>"; };
		1026670D1A212F9C00951BF4 /* Images.xcassets */ = {isa = PBXFileReference; lastKnownFileType = folder.assetcatalog; path = Images.xcassets; sourceTree = "<group>"; };
		102667101A212F9C00951BF4 /* Base */ = {isa = PBXFileReference; lastKnownFileType = file.xib; name = Base; path = Base.lproj/LaunchScreen.xib; sourceTree = "<group>"; };
		102667161A212F9C00951BF4 /* postCardTests.xctest */ = {isa = PBXFileReference; explicitFileType = wrapper.cfbundle; includeInIndex = 0; path = postCardTests.xctest; sourceTree = BUILT_PRODUCTS_DIR; };
		1026671B1A212F9C00951BF4 /* Info.plist */ = {isa = PBXFileReference; lastKnownFileType = text.plist.xml; path = Info.plist; sourceTree = "<group>"; };
		1026671C1A212F9C00951BF4 /* postCardTests.swift */ = {isa = PBXFileReference; lastKnownFileType = sourcecode.swift; path = postCardTests.swift; sourceTree = "<group>"; };
/* End PBXFileReference section */

/* Begin PBXFrameworksBuildPhase section */
		102666FE1A212F9C00951BF4 /* Frameworks */ = {
			isa = PBXFrameworksBuildPhase;
			buildActionMask = 2147483647;
			files = (
			);
			runOnlyForDeploymentPostprocessing = 0;
		};
		102667131A212F9C00951BF4 /* Frameworks */ = {
			isa = PBXFrameworksBuildPhase;
			buildActionMask = 2147483647;
			files = (
			);
			runOnlyForDeploymentPostprocessing = 0;
		};
/* End PBXFrameworksBuildPhase section */

/* Begin PBXGroup section */
		102666F81A212F9C00951BF4 = {
			isa = PBXGroup;
			children = (
				102667031A212F9C00951BF4 /* postCard */,
				102667191A212F9C00951BF4 /* postCardTests */,
				102667021A212F9C00951BF4 /* Products */,
			);
			sourceTree = "<group>";
		};
		102667021A212F9C00951BF4 /* Products */ = {
			isa = PBXGroup;
			children = (
				102667011A212F9C00951BF4 /* postCard.app */,
				102667161A212F9C00951BF4 /* postCardTests.xctest */,
			);
			name = Products;
			sourceTree = "<group>";
		};
		102667031A212F9C00951BF4 /* postCard */ = {
			isa = PBXGroup;
			children = (
				102667061A212F9C00951BF4 /* AppDelegate.swift */,
				102667081A212F9C00951BF4 /* ViewController.swift */,
				1026670A1A212F9C00951BF4 /* Main.storyboard */,
				1026670D1A212F9C00951BF4 /* Images.xcassets */,
				1026670F1A212F9C00951BF4 /* LaunchScreen.xib */,
				102667041A212F9C00951BF4 /* Supporting Files */,
			);
			path = postCard;
			sourceTree = "<group>";
		};
		102667041A212F9C00951BF4 /* Supporting Files */ = {
			isa = PBXGroup;
			children = (
				102667051A212F9C00951BF4 /* Info.plist */,
			);
			name = "Supporting Files";
			sourceTree = "<group>";
		};
		102667191A212F9C00951BF4 /* postCardTests */ = {
			isa = PBXGroup;
			children = (
				1026671C1A212F9C00951BF4 /* postCardTests.swift */,
				1026671A1A212F9C00951BF4 /* Supporting Files */,
			);
			path = postCardTests;
			sourceTree = "<group>";
		};
		1026671A1A212F9C00951BF4 /* Supporting Files */ = {
			isa = PBXGroup;
			children = (
				1026671B1A212F9C00951BF4 /* Info.plist */,
			);
			name = "Supporting Files";
			sourceTree = "<group>";
		};
/* End PBXGroup section */

/* Begin PBXNativeTarget section */
		102667001A212F9C00951BF4 /* postCard */ = {
			isa = PBXNativeTarget;
			buildConfigurationList = 102667201A212F9C00951BF4 /* Build configuration list for PBXNativeTarget "postCard" */;
			buildPhases = (
				102666FD1A212F9C00951BF4 /* Sources */,
				102666FE1A212F9C00951BF4 /* Frameworks */,
				102666FF1A212F9C00951BF4 /* Resources */,
			);
			buildRules = (
			);
			dependencies = (
			);
			name = postCard;
			productName = postCard;
			productReference = 102667011A212F9C00951BF4 /* postCard.app */;
			productType = "com.apple.product-type.application";
		};
		102667151A212F9C00951BF4 /* postCardTests */ = {
			isa = PBXNativeTarget;
			buildConfigurationList = 102667231A212F9C00951BF4 /* Build configuration list for PBXNativeTarget "postCardTests" */;
			buildPhases = (
				102667121A212F9C00951BF4 /* Sources */,
				102667131A212F9C00951BF4 /* Frameworks */,
				102667141A212F9C00951BF4 /* Resources */,
			);
			buildRules = (
			);
			dependencies = (
				102667181A212F9C00951BF4 /* PBXTargetDependency */,
			);
			name = postCardTests;
			productName = postCardTests;
			productReference = 102667161A212F9C00951BF4 /* postCardTests.xctest */;
			productType = "com.apple.product-type.bundle.unit-test";
		};
/* End PBXNativeTarget section */

/* Begin PBXProject section */
		102666F91A212F9C00951BF4 /* Project object */ = {
			isa = PBXProject;
			attributes = {
				LastUpgradeCheck = 0610;
				ORGANIZATIONNAME = jcoger;
				TargetAttributes = {
					102667001A212F9C00951BF4 = {
						CreatedOnToolsVersion = 6.1;
					};
					102667151A212F9C00951BF4 = {
						CreatedOnToolsVersion = 6.1;
						TestTargetID = 102667001A212F9C00951BF4;
					};
				};
			};
			buildConfigurationList = 102666FC1A212F9C00951BF4 /* Build configuration list for PBXProject "postCard" */;
			compatibilityVersion = "Xcode 3.2";
			developmentRegion = English;
			hasScannedForEncodings = 0;
			knownRegions = (
				en,
				Base,
			);
			mainGroup = 102666F81A212F9C00951BF4;
			productRefGroup = 102667021A212F9C00951BF4 /* Products */;
			projectDirPath = "";
			projectRoot = "";
			targets = (
				102667001A212F9C00951BF4 /* postCard */,
				102667151A212F9C00951BF4 /* postCardTests */,
			);
		};
/* End PBXProject section */

/* Begin PBXResourcesBuildPhase section */
		102666FF1A212F9C00951BF4 /* Resources */ = {
			isa = PBXResourcesBuildPhase;
			buildActionMask = 2147483647;
			files = (
				1026670C1A212F9C00951BF4 /* Main.storyboard in Resources */,
				102667111A212F9C00951BF4 /* LaunchScreen.xib in Resources */,
				1026670E1A212F9C00951BF4 /* Images.xcassets in Resources */,
			);
			runOnlyForDeploymentPostprocessing = 0;
		};
		102667141A212F9C00951BF4 /* Resources */ = {
			isa = PBXResourcesBuildPhase;
			buildActionMask = 2147483647;
			files = (
			);
			runOnlyForDeploymentPostprocessing = 0;
		};
/* End PBXResourcesBuildPhase section */

/* Begin PBXSourcesBuildPhase section */
		102666FD1A212F9C00951BF4 /* Sources */ = {
			isa = PBXSourcesBuildPhase;
			buildActionMask = 2147483647;
			files = (
				102667091A212F9C00951BF4 /* ViewController.swift in Sources */,
				102667071A212F9C00951BF4 /* AppDelegate.swift in Sources */,
			);
			runOnlyForDeploymentPostprocessing = 0;
		};
		102667121A212F9C00951BF4 /* Sources */ = {
			isa = PBXSourcesBuildPhase;
			buildActionMask = 2147483647;
			files = (
				1026671D1A212F9C00951BF4 /* postCardTests.swift in Sources */,
			);
			runOnlyForDeploymentPostprocessing = 0;
		};
/* End PBXSourcesBuildPhase section */

/* Begin PBXTargetDependency section */
		102667181A212F9C00951BF4 /* PBXTargetDependency */ = {
			isa = PBXTargetDependency;
			target = 102667001A212F9C00951BF4 /* postCard */;
			targetProxy = 102667171A212F9C00951BF4 /* PBXContainerItemProxy */;
		};
/* End PBXTargetDependency section */

/* Begin PBXVariantGroup section */
		1026670A1A212F9C00951BF4 /* Main.storyboard */ = {
			isa = PBXVariantGroup;
			children = (
				1026670B1A212F9C00951BF4 /* Base */,
			);
			name = Main.storyboard;
			sourceTree = "<group>";
		};
		1026670F1A212F9C00951BF4 /* LaunchScreen.xib */ = {
			isa = PBXVariantGroup;
			children = (
				102667101A212F9C00951BF4 /* Base */,
			);
			name = LaunchScreen.xib;
			sourceTree = "<group>";
		};
/* End PBXVariantGroup section */

/* Begin XCBuildConfiguration section */
		1026671E1A212F9C00951BF4 /* Debug */ = {
			isa = XCBuildConfiguration;
			buildSettings = {
				ALWAYS_SEARCH_USER_PATHS = NO;
				CLANG_CXX_LANGUAGE_STANDARD = "gnu++0x";
				CLANG_CXX_LIBRARY = "libc++";
				CLANG_ENABLE_MODULES = YES;
				CLANG_ENABLE_OBJC_ARC = YES;
				CLANG_WARN_BOOL_CONVERSION = YES;
				CLANG_WARN_CONSTANT_CONVERSION = YES;
				CLANG_WARN_DIRECT_OBJC_ISA_USAGE = YES_ERROR;
				CLANG_WARN_EMPTY_BODY = YES;
				CLANG_WARN_ENUM_CONVERSION = YES;
				CLANG_WARN_INT_CONVERSION = YES;
				CLANG_WARN_OBJC_ROOT_CLASS = YES_ERROR;
				CLANG_WARN_UNREACHABLE_CODE = YES;
				CLANG_WARN__DUPLICATE_METHOD_MATCH = YES;
				"CODE_SIGN_IDENTITY[sdk=iphoneos*]" = "iPhone Developer";
				COPY_PHASE_STRIP = NO;
				ENABLE_STRICT_OBJC_MSGSEND = YES;
				GCC_C_LANGUAGE_STANDARD = gnu99;
				GCC_DYNAMIC_NO_PIC = NO;
				GCC_OPTIMIZATION_LEVEL = 0;
				GCC_PREPROCESSOR_DEFINITIONS = (
					"DEBUG=1",
					"$(inherited)",
				);
				GCC_SYMBOLS_PRIVATE_EXTERN = NO;
				GCC_WARN_64_TO_32_BIT_CONVERSION = YES;
				GCC_WARN_ABOUT_RETURN_TYPE = YES_ERROR;
				GCC_WARN_UNDECLARED_SELECTOR = YES;
				GCC_WARN_UNINITIALIZED_AUTOS = YES_AGGRESSIVE;
				GCC_WARN_UNUSED_FUNCTION = YES;
				GCC_WARN_UNUSED_VARIABLE = YES;
				IPHONEOS_DEPLOYMENT_TARGET = 8.1;
				MTL_ENABLE_DEBUG_INFO = YES;
				ONLY_ACTIVE_ARCH = YES;
				SDKROOT = iphoneos;
				SWIFT_OPTIMIZATION_LEVEL = "-Onone";
			};
			name = Debug;
		};
		1026671F1A212F9C00951BF4 /* Release */ = {
			isa = XCBuildConfiguration;
			buildSettings = {
				ALWAYS_SEARCH_USER_PATHS = NO;
				CLANG_CXX_LANGUAGE_STANDARD = "gnu++0x";
				CLANG_CXX_LIBRARY = "libc++";
				CLANG_ENABLE_MODULES = YES;
				CLANG_ENABLE_OBJC_ARC = YES;
				CLANG_WARN_BOOL_CONVERSION = YES;
				CLANG_WARN_CONSTANT_CONVERSION = YES;
				CLANG_WARN_DIRECT_OBJC_ISA_USAGE = YES_ERROR;
				CLANG_WARN_EMPTY_BODY = YES;
				CLANG_WARN_ENUM_CONVERSION = YES;
				CLANG_WARN_INT_CONVERSION = YES;
				CLANG_WARN_OBJC_ROOT_CLASS = YES_ERROR;
				CLANG_WARN_UNREACHABLE_CODE = YES;
				CLANG_WARN__DUPLICATE_METHOD_MATCH = YES;
				"CODE_SIGN_IDENTITY[sdk=iphoneos*]" = "iPhone Developer";
				COPY_PHASE_STRIP = YES;
				ENABLE_NS_ASSERTIONS = NO;
				ENABLE_STRICT_OBJC_MSGSEND = YES;
				GCC_C_LANGUAGE_STANDARD = gnu99;
				GCC_WARN_64_TO_32_BIT_CONVERSION = YES;
				GCC_WARN_ABOUT_RETURN_TYPE = YES_ERROR;
				GCC_WARN_UNDECLARED_SELECTOR = YES;
				GCC_WARN_UNINITIALIZED_AUTOS = YES_AGGRESSIVE;
				GCC_WARN_UNUSED_FUNCTION = YES;
				GCC_WARN_UNUSED_VARIABLE = YES;
				IPHONEOS_DEPLOYMENT_TARGET = 8.1;
				MTL_ENABLE_DEBUG_INFO = NO;
				SDKROOT = iphoneos;
				VALIDATE_PRODUCT = YES;
			};
			name = Release;
		};
		102667211A212F9C00951BF4 /* Debug */ = {
			isa = XCBuildConfiguration;
			buildSettings = {
				ASSETCATALOG_COMPILER_APPICON_NAME = AppIcon;
				INFOPLIST_FILE = postCard/Info.plist;
				LD_RUNPATH_SEARCH_PATHS = "$(inherited) @executable_path/Frameworks";
				PRODUCT_NAME = "$(TARGET_NAME)";
			};
			name = Debug;
		};
		102667221A212F9C00951BF4 /* Release */ = {
			isa = XCBuildConfiguration;
			buildSettings = {
				ASSETCATALOG_COMPILER_APPICON_NAME = AppIcon;
				INFOPLIST_FILE = postCard/Info.plist;
				LD_RUNPATH_SEARCH_PATHS = "$(inherited) @executable_path/Frameworks";
				PRODUCT_NAME = "$(TARGET_NAME)";
			};
			name = Release;
		};
		102667241A212F9C00951BF4 /* Debug */ = {
			isa = XCBuildConfiguration;
			buildSettings = {
				BUNDLE_LOADER = "$(TEST_HOST)";
				FRAMEWORK_SEARCH_PATHS = (
					"$(SDKROOT)/Developer/Library/Frameworks",
					"$(inherited)",
				);
				GCC_PREPROCESSOR_DEFINITIONS = (
					"DEBUG=1",
					"$(inherited)",
				);
				INFOPLIST_FILE = postCardTests/Info.plist;
				LD_RUNPATH_SEARCH_PATHS = "$(inherited) @executable_path/Frameworks @loader_path/Frameworks";
				PRODUCT_NAME = "$(TARGET_NAME)";
				TEST_HOST = "$(BUILT_PRODUCTS_DIR)/postCard.app/postCard";
			};
			name = Debug;
		};
		102667251A212F9C00951BF4 /* Release */ = {
			isa = XCBuildConfiguration;
			buildSettings = {
				BUNDLE_LOADER = "$(TEST_HOST)";
				FRAMEWORK_SEARCH_PATHS = (
					"$(SDKROOT)/Developer/Library/Frameworks",
					"$(inherited)",
				);
				INFOPLIST_FILE = postCardTests/Info.plist;
				LD_RUNPATH_SEARCH_PATHS = "$(inherited) @executable_path/Frameworks @loader_path/Frameworks";
				PRODUCT_NAME = "$(TARGET_NAME)";
				TEST_HOST = "$(BUILT_PRODUCTS_DIR)/postCard.app/postCard";
			};
			name = Release;
		};
/* End XCBuildConfiguration section */

/* Begin XCConfigurationList section */
		102666FC1A212F9C00951BF4 /* Build configuration list for PBXProject "postCard" */ = {
			isa = XCConfigurationList;
			buildConfigurations = (
				1026671E1A212F9C00951BF4 /* Debug */,
				1026671F1A212F9C00951BF4 /* Release */,
			);
			defaultConfigurationIsVisible = 0;
			defaultConfigurationName = Release;
		};
		102667201A212F9C00951BF4 /* Build configuration list for PBXNativeTarget "postCard" */ = {
			isa = XCConfigurationList;
			buildConfigurations = (
				102667211A212F9C00951BF4 /* Debug */,
				102667221A212F9C00951BF4 /* Release */,
			);
			defaultConfigurationIsVisible = 0;
		};
		102667231A212F9C00951BF4 /* Build configuration list for PBXNativeTarget "postCardTests" */ = {
			isa = XCConfigurationList;
			buildConfigurations = (
				102667241A212F9C00951BF4 /* Debug */,
				102667251A212F9C00951BF4 /* Release */,
			);
			defaultConfigurationIsVisible = 0;
		};
/* End XCConfigurationList section */
	};
	rootObject = 102666F91A212F9C00951BF4 /* Project object */;
}
